
Microsoft Visual Studio Solution File, Format Version 12.00
# Visual Studio Version 17
VisualStudioVersion = 17.14.37314.3
MinimumVisualStudioVersion = 10.0.40219.1
Project("{FAE04EC0-301F-11D3-BF4B-00C04F79EFBC}") = "CoachPulse.Api", "CoachPulse.Api\CoachPulse.Api.csproj", "{B82BC27C-06F2-45DA-B935-70A6FC7497C1}"
EndProject
Project("{FAE04EC0-301F-11D3-BF4B-00C04F79EFBC}") = "CoachPulse.Application", "CoachPulse.Application\CoachPulse.Application.csproj", "{39448EE0-C2F8-43CC-82C5-A5585C1F36C2}"
EndProject
Project("{FAE04EC0-301F-11D3-BF4B-00C04F79EFBC}") = "CoachPulse.Domain", "CoachPulse.Domain\CoachPulse.Domain.csproj", "{A7342022-34E1-40EB-A98B-00E507792DB5}"
EndProject
Project("{FAE04EC0-301F-11D3-BF4B-00C04F79EFBC}") = "CoachPulse.Infrastructure", "CoachPulse.Infrastructure\CoachPulse.Infrastructure.csproj", "{EDA6235F-248C-4628-B7AC-66C03AC94860}"
EndProject
Project("{2150E333-8FDC-42A3-9474-1A3956D46DE8}") = "Solution Items", "Solution Items", "{8EC462FD-D22E-90A8-E5CE-7E832BA40C5D}"
	ProjectSection(SolutionItems) = preProject
		.gitignore = .gitignore
		docker-compose.yml = docker-compose.yml
	EndProjectSection
EndProject
Global
	GlobalSection(SolutionConfigurationPlatforms) = preSolution
		Debug|Any CPU = Debug|Any CPU
		Release|Any CPU = Release|Any CPU
	EndGlobalSection
	GlobalSection(ProjectConfigurationPlatforms) = postSolution
		{B82BC27C-06F2-45DA-B935-70A6FC7497C1}.Debug|Any CPU.ActiveCfg = Debug|Any CPU
		{B82BC27C-06F2-45DA-B935-70A6FC7497C1}.Debug|Any CPU.Build.0 = Debug|Any CPU
		{B82BC27C-06F2-45DA-B935-70A6FC7497C1}.Release|Any CPU.ActiveCfg = Release|Any CPU
		{B82BC27C-06F2-45DA-B935-70A6FC7497C1}.Release|Any CPU.Build.0 = Release|Any CPU
		{39448EE0-C2F8-43CC-82C5-A5585C1F36C2}.Debug|Any CPU.ActiveCfg = Debug|Any CPU
		{39448EE0-C2F8-43CC-82C5-A5585C1F36C2}.Debug|Any CPU.Build.0 = Debug|Any CPU
		{39448EE0-C2F8-43CC-82C5-A5585C1F36C2}.Release|Any CPU.ActiveCfg = Release|Any CPU
		{39448EE0-C2F8-43CC-82C5-A5585C1F36C2}.Release|Any CPU.Build.0 = Release|Any CPU
		{A7342022-34E1-40EB-A98B-00E507792DB5}.Debug|Any CPU.ActiveCfg = Debug|Any CPU
		{A7342022-34E1-40EB-A98B-00E507792DB5}.Debug|Any CPU.Build.0 = Debug|Any CPU
		{A7342022-34E1-40EB-A98B-00E507792DB5}.Release|Any CPU.ActiveCfg = Release|Any CPU
		{A7342022-34E1-40EB-A98B-00E507792DB5}.Release|Any CPU.Build.0 = Release|Any CPU
		{EDA6235F-248C-4628-B7AC-66C03AC94860}.Debug|Any CPU.ActiveCfg = Debug|Any CPU
		{EDA6235F-248C-4628-B7AC-66C03AC94860}.Debug|Any CPU.Build.0 = Debug|Any CPU
		{EDA6235F-248C-4628-B7AC-66C03AC94860}.Release|Any CPU.ActiveCfg = Release|Any CPU
		{EDA6235F-248C-4628-B7AC-66C03AC94860}.Release|Any CPU.Build.0 = Release|Any CPU
	EndGlobalSection
	GlobalSection(SolutionProperties) = preSolution
		HideSolutionNode = FALSE
	EndGlobalSection
	GlobalSection(ExtensibilityGlobals) = postSolution
		SolutionGuid = {BA5157CA-F48E-45B5-B00E-E5249AFC575D}
	EndGlobalSection
EndGlobal
